{
  "name": "triode",
  "version": "2.2.4",
  "lockfileVersion": 1,
  "requires": true,
  "dependencies": {
    "cnd": {
      "version": "9.1.0",
      "resolved": "https://registry.npmjs.org/cnd/-/cnd-9.1.0.tgz",
      "integrity": "sha512-ploTsd13KeAMLGTZUS9e93u5AmCcgC0zrgrjlyeGVh8RsjGCf8f9rOMBiPcq+TUqvClRt3lGGHJLamMT8KwPeA=="
    },
    "intertype": {
      "version": "7.0.3",
      "resolved": "https://registry.npmjs.org/intertype/-/intertype-7.0.3.tgz",
      "integrity": "sha512-xteowlxl9w+kBEgxNGjI0/8/194KkgnxDrAfSYyUF5Z5pc25SMCC8EsE9zBPmbIvcX0jlNXAdATAWMopifZVEg==",
      "requires": {
        "cnd": "^9.0.0",
        "multimix": "^4.1.0"
      }
    },
    "mnemonist": {
      "version": "0.38.0",
      "resolved": "https://registry.npmjs.org/mnemonist/-/mnemonist-0.38.0.tgz",
      "integrity": "sha512-OrqILDYOEGVFooAbGid3/P9jdjWuZONlGHVyjfZnvg65+ZQ/QM5dOms+yADY/WURd1NFhCqjf/VJGFlnJToLJQ==",
      "requires": {
        "obliterator": "^1.6.1"
      }
    },
    "multimix": {
      "version": "4.1.0",
      "resolved": "https://registry.npmjs.org/multimix/-/multimix-4.1.0.tgz",
      "integrity": "sha512-GUV1SMXk7ZS/DiLHNYA6G43I+ORymTRvixCXBebR8kIFWy/1Syl7WmoI0dBvPzvs7goIK3VbCRO+EtIEP2R11w==",
      "requires": {
        "cnd": "^9.0.0"
      }
    },
    "obliterator": {
      "version": "1.6.1",
      "resolved": "https://registry.npmjs.org/obliterator/-/obliterator-1.6.1.tgz",
      "integrity": "sha512-9WXswnqINnnhOG/5SLimUlzuU1hFJUc8zkwyD59Sd+dPOMf05PmnYG/d6Q7HZ+KmgkZJa1PxRso6QdM3sTNHig=="
    }
  }
}
